
Microsoft Visual Studio Solution File, Format Version 12.00
# Visual Studio 15
VisualStudioVersion = 15.0.28307.902
MinimumVisualStudioVersion = 10.0.40219.1
Project("{E24C65DC-7377-472B-9ABA-BC803B73C61A}") = "LNSDWebsite", "LNSDWebsite\", "{43F933D3-D678-4DF5-BC60-66EB9ECC67F9}"
	ProjectSection(WebsiteProperties) = preProject
		TargetFrameworkMoniker = ".NETFramework,Version%3Dv4.6.1"
		Debug.AspNetCompiler.VirtualPath = "/localhost_2108"
		Debug.AspNetCompiler.PhysicalPath = "LNSDWebsite\"
		Debug.AspNetCompiler.TargetPath = "PrecompiledWeb\localhost_2108\"
		Debug.AspNetCompiler.Updateable = "true"
		Debug.AspNetCompiler.ForceOverwrite = "true"
		Debug.AspNetCompiler.FixedNames = "false"
		Debug.AspNetCompiler.Debug = "True"
		Release.AspNetCompiler.VirtualPath = "/localhost_2108"
		Release.AspNetCompiler.PhysicalPath = "LNSDWebsite\"
		Release.AspNetCompiler.TargetPath = "PrecompiledWeb\localhost_2108\"
		Release.AspNetCompiler.Updateable = "true"
		Release.AspNetCompiler.ForceOverwrite = "true"
		Release.AspNetCompiler.FixedNames = "false"
		Release.AspNetCompiler.Debug = "False"
		VWDPort = "2108"
		SlnRelativePath = "LNSDWebsite\"
		DefaultWebSiteLanguage = "Visual C#"
	EndProjectSection
EndProject
Project("{FAE04EC0-301F-11D3-BF4B-00C04F79EFBC}") = "ClassLibrary", "ClassLibrary\ClassLibrary.csproj", "{67D73C77-013B-4663-A408-F271A61FFA7A}"
EndProject
Project("{FAE04EC0-301F-11D3-BF4B-00C04F79EFBC}") = "LNSDTest", "LNSDTest\LNSDTest.csproj", "{7866F906-BB13-4C32-9712-3DD134FD081C}"
EndProject
Global
	GlobalSection(SolutionConfigurationPlatforms) = preSolution
		Debug|Any CPU = Debug|Any CPU
		Release|Any CPU = Release|Any CPU
	EndGlobalSection
	GlobalSection(ProjectConfigurationPlatforms) = postSolution
		{43F933D3-D678-4DF5-BC60-66EB9ECC67F9}.Debug|Any CPU.ActiveCfg = Debug|Any CPU
		{43F933D3-D678-4DF5-BC60-66EB9ECC67F9}.Debug|Any CPU.Build.0 = Debug|Any CPU
		{43F933D3-D678-4DF5-BC60-66EB9ECC67F9}.Release|Any CPU.ActiveCfg = Debug|Any CPU
		{43F933D3-D678-4DF5-BC60-66EB9ECC67F9}.Release|Any CPU.Build.0 = Debug|Any CPU
		{67D73C77-013B-4663-A408-F271A61FFA7A}.Debug|Any CPU.ActiveCfg = Debug|Any CPU
		{67D73C77-013B-4663-A408-F271A61FFA7A}.Debug|Any CPU.Build.0 = Debug|Any CPU
		{67D73C77-013B-4663-A408-F271A61FFA7A}.Release|Any CPU.ActiveCfg = Release|Any CPU
		{67D73C77-013B-4663-A408-F271A61FFA7A}.Release|Any CPU.Build.0 = Release|Any CPU
		{7866F906-BB13-4C32-9712-3DD134FD081C}.Debug|Any CPU.ActiveCfg = Debug|Any CPU
		{7866F906-BB13-4C32-9712-3DD134FD081C}.Debug|Any CPU.Build.0 = Debug|Any CPU
		{7866F906-BB13-4C32-9712-3DD134FD081C}.Release|Any CPU.ActiveCfg = Release|Any CPU
		{7866F906-BB13-4C32-9712-3DD134FD081C}.Release|Any CPU.Build.0 = Release|Any CPU
	EndGlobalSection
	GlobalSection(SolutionProperties) = preSolution
		HideSolutionNode = FALSE
	EndGlobalSection
	GlobalSection(ExtensibilityGlobals) = postSolution
		SolutionGuid = {F5447C1A-5AE7-4E1B-9BB5-8930D4264B18}
	EndGlobalSection
EndGlobal
